
Microsoft Visual Studio Solution File, Format Version 12.00
# Visual Studio Version 16
VisualStudioVersion = 16.0.31019.35
MinimumVisualStudioVersion = 10.0.40219.1
Project("{FAE04EC0-301F-11D3-BF4B-00C04F79EFBC}") = "LB9_1", "LB9_1.csproj", "{063F4C28-D80A-4CDF-85D7-726E6730A8B4}"
EndProject
Global
	GlobalSection(SolutionConfigurationPlatforms) = preSolution
		Debug|Any CPU = Debug|Any CPU
		Release|Any CPU = Release|Any CPU
	EndGlobalSection
	GlobalSection(ProjectConfigurationPlatforms) = postSolution
		{063F4C28-D80A-4CDF-85D7-726E6730A8B4}.Debug|Any CPU.ActiveCfg = Debug|Any CPU
		{063F4C28-D80A-4CDF-85D7-726E6730A8B4}.Debug|Any CPU.Build.0 = Debug|Any CPU
		{063F4C28-D80A-4CDF-85D7-726E6730A8B4}.Release|Any CPU.ActiveCfg = Release|Any CPU
		{063F4C28-D80A-4CDF-85D7-726E6730A8B4}.Release|Any CPU.Build.0 = Release|Any CPU
	EndGlobalSection
	GlobalSection(SolutionProperties) = preSolution
		HideSolutionNode = FALSE
	EndGlobalSection
	GlobalSection(ExtensibilityGlobals) = postSolution
		SolutionGuid = {E212D414-0230-4B18-A536-595DF876687C}
	EndGlobalSection
EndGlobal
