
Microsoft Visual Studio Solution File, Format Version 12.00
# Visual Studio Version 16
VisualStudioVersion = 16.0.31321.278
MinimumVisualStudioVersion = 10.0.40219.1
Project("{FAE04EC0-301F-11D3-BF4B-00C04F79EFBC}") = "LR11_1", "LR11_1.csproj", "{26DFA9FC-35F4-4573-BA55-A8077396B252}"
EndProject
Global
	GlobalSection(SolutionConfigurationPlatforms) = preSolution
		Debug|Any CPU = Debug|Any CPU
		Release|Any CPU = Release|Any CPU
	EndGlobalSection
	GlobalSection(ProjectConfigurationPlatforms) = postSolution
		{26DFA9FC-35F4-4573-BA55-A8077396B252}.Debug|Any CPU.ActiveCfg = Debug|Any CPU
		{26DFA9FC-35F4-4573-BA55-A8077396B252}.Debug|Any CPU.Build.0 = Debug|Any CPU
		{26DFA9FC-35F4-4573-BA55-A8077396B252}.Release|Any CPU.ActiveCfg = Release|Any CPU
		{26DFA9FC-35F4-4573-BA55-A8077396B252}.Release|Any CPU.Build.0 = Release|Any CPU
	EndGlobalSection
	GlobalSection(SolutionProperties) = preSolution
		HideSolutionNode = FALSE
	EndGlobalSection
	GlobalSection(ExtensibilityGlobals) = postSolution
		SolutionGuid = {395EE57C-BF7B-4929-9AAB-21A9A47B541E}
	EndGlobalSection
EndGlobal
