
Microsoft Visual Studio Solution File, Format Version 12.00
# Visual Studio Version 16
VisualStudioVersion = 16.0.31321.278
MinimumVisualStudioVersion = 10.0.40219.1
Project("{FAE04EC0-301F-11D3-BF4B-00C04F79EFBC}") = "LR12_Curling", "LR12_Curling.csproj", "{B99DB5C0-DEEE-4851-9042-9410D1864987}"
EndProject
Global
	GlobalSection(SolutionConfigurationPlatforms) = preSolution
		Debug|Any CPU = Debug|Any CPU
		Release|Any CPU = Release|Any CPU
	EndGlobalSection
	GlobalSection(ProjectConfigurationPlatforms) = postSolution
		{B99DB5C0-DEEE-4851-9042-9410D1864987}.Debug|Any CPU.ActiveCfg = Debug|Any CPU
		{B99DB5C0-DEEE-4851-9042-9410D1864987}.Debug|Any CPU.Build.0 = Debug|Any CPU
		{B99DB5C0-DEEE-4851-9042-9410D1864987}.Release|Any CPU.ActiveCfg = Release|Any CPU
		{B99DB5C0-DEEE-4851-9042-9410D1864987}.Release|Any CPU.Build.0 = Release|Any CPU
	EndGlobalSection
	GlobalSection(SolutionProperties) = preSolution
		HideSolutionNode = FALSE
	EndGlobalSection
	GlobalSection(ExtensibilityGlobals) = postSolution
		SolutionGuid = {763DBCEC-B62B-4119-A4BB-B5B53B41440B}
	EndGlobalSection
EndGlobal
